
Microsoft Visual Studio Solution File, Format Version 12.00
# Visual Studio Version 17
VisualStudioVersion = 17.6.33815.320
MinimumVisualStudioVersion = 10.0.40219.1
Project("{9A19103F-16F7-4668-BE54-9A1E7A4F7556}") = "ASSIGNMENT_4_1", "ASSIGNMENT_4_1.csproj", "{A76529E1-2203-47B1-A19E-2B3EFA91CE75}"
EndProject
Global
	GlobalSection(SolutionConfigurationPlatforms) = preSolution
		Debug|Any CPU = Debug|Any CPU
		Release|Any CPU = Release|Any CPU
	EndGlobalSection
	GlobalSection(ProjectConfigurationPlatforms) = postSolution
		{A76529E1-2203-47B1-A19E-2B3EFA91CE75}.Debug|Any CPU.ActiveCfg = Debug|Any CPU
		{A76529E1-2203-47B1-A19E-2B3EFA91CE75}.Debug|Any CPU.Build.0 = Debug|Any CPU
		{A76529E1-2203-47B1-A19E-2B3EFA91CE75}.Release|Any CPU.ActiveCfg = Release|Any CPU
		{A76529E1-2203-47B1-A19E-2B3EFA91CE75}.Release|Any CPU.Build.0 = Release|Any CPU
	EndGlobalSection
	GlobalSection(SolutionProperties) = preSolution
		HideSolutionNode = FALSE
	EndGlobalSection
	GlobalSection(ExtensibilityGlobals) = postSolution
		SolutionGuid = {7ABDD0A3-7D21-441C-84FD-1D35A06BCCDC}
	EndGlobalSection
EndGlobal
