
Microsoft Visual Studio Solution File, Format Version 12.00
# Visual Studio Version 17
VisualStudioVersion = 17.6.33815.320
MinimumVisualStudioVersion = 10.0.40219.1
Project("{FAE04EC0-301F-11D3-BF4B-00C04F79EFBC}") = "PracticeAssignment1", "PracticeAssignment1.csproj", "{7AB824BB-F1C7-47EE-BB04-F2A90CD724C9}"
EndProject
Global
	GlobalSection(SolutionConfigurationPlatforms) = preSolution
		Debug|Any CPU = Debug|Any CPU
		Release|Any CPU = Release|Any CPU
	EndGlobalSection
	GlobalSection(ProjectConfigurationPlatforms) = postSolution
		{7AB824BB-F1C7-47EE-BB04-F2A90CD724C9}.Debug|Any CPU.ActiveCfg = Debug|Any CPU
		{7AB824BB-F1C7-47EE-BB04-F2A90CD724C9}.Debug|Any CPU.Build.0 = Debug|Any CPU
		{7AB824BB-F1C7-47EE-BB04-F2A90CD724C9}.Release|Any CPU.ActiveCfg = Release|Any CPU
		{7AB824BB-F1C7-47EE-BB04-F2A90CD724C9}.Release|Any CPU.Build.0 = Release|Any CPU
	EndGlobalSection
	GlobalSection(SolutionProperties) = preSolution
		HideSolutionNode = FALSE
	EndGlobalSection
	GlobalSection(ExtensibilityGlobals) = postSolution
		SolutionGuid = {859D0F05-BB30-4D64-A4B1-CC76AECB1023}
	EndGlobalSection
EndGlobal
