
Microsoft Visual Studio Solution File, Format Version 12.00
# Visual Studio Version 17
VisualStudioVersion = 17.6.33815.320
MinimumVisualStudioVersion = 10.0.40219.1
Project("{FAE04EC0-301F-11D3-BF4B-00C04F79EFBC}") = "EmployeeMngmt", "EmployeeMngmt.csproj", "{BEFDF5D8-22DF-4849-A9D8-AD016C0DB184}"
EndProject
Global
	GlobalSection(SolutionConfigurationPlatforms) = preSolution
		Debug|Any CPU = Debug|Any CPU
		Release|Any CPU = Release|Any CPU
	EndGlobalSection
	GlobalSection(ProjectConfigurationPlatforms) = postSolution
		{BEFDF5D8-22DF-4849-A9D8-AD016C0DB184}.Debug|Any CPU.ActiveCfg = Debug|Any CPU
		{BEFDF5D8-22DF-4849-A9D8-AD016C0DB184}.Debug|Any CPU.Build.0 = Debug|Any CPU
		{BEFDF5D8-22DF-4849-A9D8-AD016C0DB184}.Release|Any CPU.ActiveCfg = Release|Any CPU
		{BEFDF5D8-22DF-4849-A9D8-AD016C0DB184}.Release|Any CPU.Build.0 = Release|Any CPU
	EndGlobalSection
	GlobalSection(SolutionProperties) = preSolution
		HideSolutionNode = FALSE
	EndGlobalSection
	GlobalSection(ExtensibilityGlobals) = postSolution
		SolutionGuid = {B069907D-5D60-4ADB-A042-5DE0AE49EB93}
	EndGlobalSection
EndGlobal
